
Microsoft Visual Studio Solution File, Format Version 12.00
# Visual Studio Version 17
VisualStudioVersion = 17.1.32210.238
MinimumVisualStudioVersion = 10.0.40219.1
Project("{FAE04EC0-301F-11D3-BF4B-00C04F79EFBC}") = "tic-tac-toe-oop", "tic-tac-toe-oop.csproj", "{643AB798-F94D-480F-AD1D-E215C024482D}"
EndProject
Global
	GlobalSection(SolutionConfigurationPlatforms) = preSolution
		Debug|Any CPU = Debug|Any CPU
		Release|Any CPU = Release|Any CPU
	EndGlobalSection
	GlobalSection(ProjectConfigurationPlatforms) = postSolution
		{643AB798-F94D-480F-AD1D-E215C024482D}.Debug|Any CPU.ActiveCfg = Debug|Any CPU
		{643AB798-F94D-480F-AD1D-E215C024482D}.Debug|Any CPU.Build.0 = Debug|Any CPU
		{643AB798-F94D-480F-AD1D-E215C024482D}.Release|Any CPU.ActiveCfg = Release|Any CPU
		{643AB798-F94D-480F-AD1D-E215C024482D}.Release|Any CPU.Build.0 = Release|Any CPU
	EndGlobalSection
	GlobalSection(SolutionProperties) = preSolution
		HideSolutionNode = FALSE
	EndGlobalSection
	GlobalSection(ExtensibilityGlobals) = postSolution
		SolutionGuid = {A94EE90C-8651-40B9-B68A-9A0C3C941708}
	EndGlobalSection
EndGlobal
